
Microsoft Visual Studio Solution File, Format Version 12.00
# Visual Studio Version 16
VisualStudioVersion = 16.0.32510.428
MinimumVisualStudioVersion = 10.0.40219.1
Project("{FAE04EC0-301F-11D3-BF4B-00C04F79EFBC}") = "homework005", "homework005\homework005.csproj", "{B8530539-AF55-4C74-B503-AC62ACEC4B12}"
EndProject
Global
	GlobalSection(SolutionConfigurationPlatforms) = preSolution
		Debug|Any CPU = Debug|Any CPU
		Release|Any CPU = Release|Any CPU
	EndGlobalSection
	GlobalSection(ProjectConfigurationPlatforms) = postSolution
		{B8530539-AF55-4C74-B503-AC62ACEC4B12}.Debug|Any CPU.ActiveCfg = Debug|Any CPU
		{B8530539-AF55-4C74-B503-AC62ACEC4B12}.Debug|Any CPU.Build.0 = Debug|Any CPU
		{B8530539-AF55-4C74-B503-AC62ACEC4B12}.Release|Any CPU.ActiveCfg = Release|Any CPU
		{B8530539-AF55-4C74-B503-AC62ACEC4B12}.Release|Any CPU.Build.0 = Release|Any CPU
	EndGlobalSection
	GlobalSection(SolutionProperties) = preSolution
		HideSolutionNode = FALSE
	EndGlobalSection
	GlobalSection(ExtensibilityGlobals) = postSolution
		SolutionGuid = {BA559739-370A-494C-BD79-5D26727606A2}
	EndGlobalSection
EndGlobal
